
Microsoft Visual Studio Solution File, Format Version 12.00
# Visual Studio Version 16
VisualStudioVersion = 16.0.30204.135
MinimumVisualStudioVersion = 10.0.40219.1
Project("{FAE04EC0-301F-11D3-BF4B-00C04F79EFBC}") = "PrimeiroXamarin", "PrimeiroXamarin\PrimeiroXamarin\PrimeiroXamarin.csproj", "{0496556F-D9AC-4D83-8FEC-45C774DE02AF}"
EndProject
Project("{FAE04EC0-301F-11D3-BF4B-00C04F79EFBC}") = "PrimeiroXamarin.Android", "PrimeiroXamarin\PrimeiroXamarin.Android\PrimeiroXamarin.Android.csproj", "{08DBD0BA-A9BE-4AC3-BFFE-A42A7380D2BD}"
EndProject
Project("{FAE04EC0-301F-11D3-BF4B-00C04F79EFBC}") = "PrimeiroXamarin.iOS", "PrimeiroXamarin\PrimeiroXamarin.iOS\PrimeiroXamarin.iOS.csproj", "{514E8AEB-EB84-413D-AFA1-3EE006BDF726}"
EndProject
Global
	GlobalSection(SolutionConfigurationPlatforms) = preSolution
		Ad-Hoc|Any CPU = Ad-Hoc|Any CPU
		Ad-Hoc|iPhone = Ad-Hoc|iPhone
		Ad-Hoc|iPhoneSimulator = Ad-Hoc|iPhoneSimulator
		AppStore|Any CPU = AppStore|Any CPU
		AppStore|iPhone = AppStore|iPhone
		AppStore|iPhoneSimulator = AppStore|iPhoneSimulator
		Debug|Any CPU = Debug|Any CPU
		Debug|iPhone = Debug|iPhone
		Debug|iPhoneSimulator = Debug|iPhoneSimulator
		Release|Any CPU = Release|Any CPU
		Release|iPhone = Release|iPhone
		Release|iPhoneSimulator = Release|iPhoneSimulator
	EndGlobalSection
	GlobalSection(ProjectConfigurationPlatforms) = postSolution
		{0496556F-D9AC-4D83-8FEC-45C774DE02AF}.Ad-Hoc|Any CPU.ActiveCfg = Debug|Any CPU
		{0496556F-D9AC-4D83-8FEC-45C774DE02AF}.Ad-Hoc|Any CPU.Build.0 = Debug|Any CPU
		{0496556F-D9AC-4D83-8FEC-45C774DE02AF}.Ad-Hoc|iPhone.ActiveCfg = Debug|Any CPU
		{0496556F-D9AC-4D83-8FEC-45C774DE02AF}.Ad-Hoc|iPhone.Build.0 = Debug|Any CPU
		{0496556F-D9AC-4D83-8FEC-45C774DE02AF}.Ad-Hoc|iPhoneSimulator.ActiveCfg = Debug|Any CPU
		{0496556F-D9AC-4D83-8FEC-45C774DE02AF}.Ad-Hoc|iPhoneSimulator.Build.0 = Debug|Any CPU
		{0496556F-D9AC-4D83-8FEC-45C774DE02AF}.AppStore|Any CPU.ActiveCfg = Debug|Any CPU
		{0496556F-D9AC-4D83-8FEC-45C774DE02AF}.AppStore|Any CPU.Build.0 = Debug|Any CPU
		{0496556F-D9AC-4D83-8FEC-45C774DE02AF}.AppStore|iPhone.ActiveCfg = Debug|Any CPU
		{0496556F-D9AC-4D83-8FEC-45C774DE02AF}.AppStore|iPhone.Build.0 = Debug|Any CPU
		{0496556F-D9AC-4D83-8FEC-45C774DE02AF}.AppStore|iPhoneSimulator.ActiveCfg = Debug|Any CPU
		{0496556F-D9AC-4D83-8FEC-45C774DE02AF}.AppStore|iPhoneSimulator.Build.0 = Debug|Any CPU
		{0496556F-D9AC-4D83-8FEC-45C774DE02AF}.Debug|Any CPU.ActiveCfg = Debug|Any CPU
		{0496556F-D9AC-4D83-8FEC-45C774DE02AF}.Debug|Any CPU.Build.0 = Debug|Any CPU
		{0496556F-D9AC-4D83-8FEC-45C774DE02AF}.Debug|iPhone.ActiveCfg = Debug|Any CPU
		{0496556F-D9AC-4D83-8FEC-45C774DE02AF}.Debug|iPhone.Build.0 = Debug|Any CPU
		{0496556F-D9AC-4D83-8FEC-45C774DE02AF}.Debug|iPhoneSimulator.ActiveCfg = Debug|Any CPU
		{0496556F-D9AC-4D83-8FEC-45C774DE02AF}.Debug|iPhoneSimulator.Build.0 = Debug|Any CPU
		{0496556F-D9AC-4D83-8FEC-45C774DE02AF}.Release|Any CPU.ActiveCfg = Release|Any CPU
		{0496556F-D9AC-4D83-8FEC-45C774DE02AF}.Release|Any CPU.Build.0 = Release|Any CPU
		{0496556F-D9AC-4D83-8FEC-45C774DE02AF}.Release|iPhone.ActiveCfg = Release|Any CPU
		{0496556F-D9AC-4D83-8FEC-45C774DE02AF}.Release|iPhone.Build.0 = Release|Any CPU
		{0496556F-D9AC-4D83-8FEC-45C774DE02AF}.Release|iPhoneSimulator.ActiveCfg = Release|Any CPU
		{0496556F-D9AC-4D83-8FEC-45C774DE02AF}.Release|iPhoneSimulator.Build.0 = Release|Any CPU
		{08DBD0BA-A9BE-4AC3-BFFE-A42A7380D2BD}.Ad-Hoc|Any CPU.ActiveCfg = Release|Any CPU
		{08DBD0BA-A9BE-4AC3-BFFE-A42A7380D2BD}.Ad-Hoc|Any CPU.Build.0 = Release|Any CPU
		{08DBD0BA-A9BE-4AC3-BFFE-A42A7380D2BD}.Ad-Hoc|Any CPU.Deploy.0 = Release|Any CPU
		{08DBD0BA-A9BE-4AC3-BFFE-A42A7380D2BD}.Ad-Hoc|iPhone.ActiveCfg = Release|Any CPU
		{08DBD0BA-A9BE-4AC3-BFFE-A42A7380D2BD}.Ad-Hoc|iPhone.Build.0 = Release|Any CPU
		{08DBD0BA-A9BE-4AC3-BFFE-A42A7380D2BD}.Ad-Hoc|iPhone.Deploy.0 = Release|Any CPU
		{08DBD0BA-A9BE-4AC3-BFFE-A42A7380D2BD}.Ad-Hoc|iPhoneSimulator.ActiveCfg = Release|Any CPU
		{08DBD0BA-A9BE-4AC3-BFFE-A42A7380D2BD}.Ad-Hoc|iPhoneSimulator.Build.0 = Release|Any CPU
		{08DBD0BA-A9BE-4AC3-BFFE-A42A7380D2BD}.Ad-Hoc|iPhoneSimulator.Deploy.0 = Release|Any CPU
		{08DBD0BA-A9BE-4AC3-BFFE-A42A7380D2BD}.AppStore|Any CPU.ActiveCfg = Release|Any CPU
		{08DBD0BA-A9BE-4AC3-BFFE-A42A7380D2BD}.AppStore|Any CPU.Build.0 = Release|Any CPU
		{08DBD0BA-A9BE-4AC3-BFFE-A42A7380D2BD}.AppStore|Any CPU.Deploy.0 = Release|Any CPU
		{08DBD0BA-A9BE-4AC3-BFFE-A42A7380D2BD}.AppStore|iPhone.ActiveCfg = Release|Any CPU
		{08DBD0BA-A9BE-4AC3-BFFE-A42A7380D2BD}.AppStore|iPhone.Build.0 = Release|Any CPU
		{08DBD0BA-A9BE-4AC3-BFFE-A42A7380D2BD}.AppStore|iPhone.Deploy.0 = Release|Any CPU
		{08DBD0BA-A9BE-4AC3-BFFE-A42A7380D2BD}.AppStore|iPhoneSimulator.ActiveCfg = Release|Any CPU
		{08DBD0BA-A9BE-4AC3-BFFE-A42A7380D2BD}.AppStore|iPhoneSimulator.Build.0 = Release|Any CPU
		{08DBD0BA-A9BE-4AC3-BFFE-A42A7380D2BD}.AppStore|iPhoneSimulator.Deploy.0 = Release|Any CPU
		{08DBD0BA-A9BE-4AC3-BFFE-A42A7380D2BD}.Debug|Any CPU.ActiveCfg = Debug|Any CPU
		{08DBD0BA-A9BE-4AC3-BFFE-A42A7380D2BD}.Debug|Any CPU.Build.0 = Debug|Any CPU
		{08DBD0BA-A9BE-4AC3-BFFE-A42A7380D2BD}.Debug|Any CPU.Deploy.0 = Debug|Any CPU
		{08DBD0BA-A9BE-4AC3-BFFE-A42A7380D2BD}.Debug|iPhone.ActiveCfg = Debug|Any CPU
		{08DBD0BA-A9BE-4AC3-BFFE-A42A7380D2BD}.Debug|iPhone.Build.0 = Debug|Any CPU
		{08DBD0BA-A9BE-4AC3-BFFE-A42A7380D2BD}.Debug|iPhone.Deploy.0 = Debug|Any CPU
		{08DBD0BA-A9BE-4AC3-BFFE-A42A7380D2BD}.Debug|iPhoneSimulator.ActiveCfg = Debug|Any CPU
		{08DBD0BA-A9BE-4AC3-BFFE-A42A7380D2BD}.Debug|iPhoneSimulator.Build.0 = Debug|Any CPU
		{08DBD0BA-A9BE-4AC3-BFFE-A42A7380D2BD}.Debug|iPhoneSimulator.Deploy.0 = Debug|Any CPU
		{08DBD0BA-A9BE-4AC3-BFFE-A42A7380D2BD}.Release|Any CPU.ActiveCfg = Release|Any CPU
		{08DBD0BA-A9BE-4AC3-BFFE-A42A7380D2BD}.Release|Any CPU.Build.0 = Release|Any CPU
		{08DBD0BA-A9BE-4AC3-BFFE-A42A7380D2BD}.Release|Any CPU.Deploy.0 = Release|Any CPU
		{08DBD0BA-A9BE-4AC3-BFFE-A42A7380D2BD}.Release|iPhone.ActiveCfg = Release|Any CPU
		{08DBD0BA-A9BE-4AC3-BFFE-A42A7380D2BD}.Release|iPhone.Build.0 = Release|Any CPU
		{08DBD0BA-A9BE-4AC3-BFFE-A42A7380D2BD}.Release|iPhone.Deploy.0 = Release|Any CPU
		{08DBD0BA-A9BE-4AC3-BFFE-A42A7380D2BD}.Release|iPhoneSimulator.ActiveCfg = Release|Any CPU
		{08DBD0BA-A9BE-4AC3-BFFE-A42A7380D2BD}.Release|iPhoneSimulator.Build.0 = Release|Any CPU
		{08DBD0BA-A9BE-4AC3-BFFE-A42A7380D2BD}.Release|iPhoneSimulator.Deploy.0 = Release|Any CPU
		{514E8AEB-EB84-413D-AFA1-3EE006BDF726}.Ad-Hoc|Any CPU.ActiveCfg = Ad-Hoc|iPhone
		{514E8AEB-EB84-413D-AFA1-3EE006BDF726}.Ad-Hoc|iPhone.ActiveCfg = Ad-Hoc|iPhone
		{514E8AEB-EB84-413D-AFA1-3EE006BDF726}.Ad-Hoc|iPhone.Build.0 = Ad-Hoc|iPhone
		{514E8AEB-EB84-413D-AFA1-3EE006BDF726}.Ad-Hoc|iPhoneSimulator.ActiveCfg = Ad-Hoc|iPhoneSimulator
		{514E8AEB-EB84-413D-AFA1-3EE006BDF726}.Ad-Hoc|iPhoneSimulator.Build.0 = Ad-Hoc|iPhoneSimulator
		{514E8AEB-EB84-413D-AFA1-3EE006BDF726}.AppStore|Any CPU.ActiveCfg = AppStore|iPhone
		{514E8AEB-EB84-413D-AFA1-3EE006BDF726}.AppStore|iPhone.ActiveCfg = AppStore|iPhone
		{514E8AEB-EB84-413D-AFA1-3EE006BDF726}.AppStore|iPhone.Build.0 = AppStore|iPhone
		{514E8AEB-EB84-413D-AFA1-3EE006BDF726}.AppStore|iPhoneSimulator.ActiveCfg = AppStore|iPhoneSimulator
		{514E8AEB-EB84-413D-AFA1-3EE006BDF726}.AppStore|iPhoneSimulator.Build.0 = AppStore|iPhoneSimulator
		{514E8AEB-EB84-413D-AFA1-3EE006BDF726}.Debug|Any CPU.ActiveCfg = Debug|iPhone
		{514E8AEB-EB84-413D-AFA1-3EE006BDF726}.Debug|iPhone.ActiveCfg = Debug|iPhone
		{514E8AEB-EB84-413D-AFA1-3EE006BDF726}.Debug|iPhone.Build.0 = Debug|iPhone
		{514E8AEB-EB84-413D-AFA1-3EE006BDF726}.Debug|iPhoneSimulator.ActiveCfg = Debug|iPhoneSimulator
		{514E8AEB-EB84-413D-AFA1-3EE006BDF726}.Debug|iPhoneSimulator.Build.0 = Debug|iPhoneSimulator
		{514E8AEB-EB84-413D-AFA1-3EE006BDF726}.Release|Any CPU.ActiveCfg = Release|iPhone
		{514E8AEB-EB84-413D-AFA1-3EE006BDF726}.Release|iPhone.ActiveCfg = Release|iPhone
		{514E8AEB-EB84-413D-AFA1-3EE006BDF726}.Release|iPhone.Build.0 = Release|iPhone
		{514E8AEB-EB84-413D-AFA1-3EE006BDF726}.Release|iPhoneSimulator.ActiveCfg = Release|iPhoneSimulator
		{514E8AEB-EB84-413D-AFA1-3EE006BDF726}.Release|iPhoneSimulator.Build.0 = Release|iPhoneSimulator
	EndGlobalSection
	GlobalSection(SolutionProperties) = preSolution
		HideSolutionNode = FALSE
	EndGlobalSection
	GlobalSection(ExtensibilityGlobals) = postSolution
		SolutionGuid = {862DAAF3-279B-43B2-A70E-331FC6A6037B}
	EndGlobalSection
EndGlobal
